
Microsoft Visual Studio Solution File, Format Version 12.00
# Visual Studio Version 17
VisualStudioVersion = 17.10.35004.147
MinimumVisualStudioVersion = 10.0.40219.1
Project("{FAE04EC0-301F-11D3-BF4B-00C04F79EFBC}") = "student_manage_system", "student_manage_system\student_manage_system.csproj", "{C8892549-5B6E-488C-BE39-83EF0549736F}"
EndProject
Global
	GlobalSection(SolutionConfigurationPlatforms) = preSolution
		Debug|Any CPU = Debug|Any CPU
		Release|Any CPU = Release|Any CPU
	EndGlobalSection
	GlobalSection(ProjectConfigurationPlatforms) = postSolution
		{C8892549-5B6E-488C-BE39-83EF0549736F}.Debug|Any CPU.ActiveCfg = Debug|Any CPU
		{C8892549-5B6E-488C-BE39-83EF0549736F}.Debug|Any CPU.Build.0 = Debug|Any CPU
		{C8892549-5B6E-488C-BE39-83EF0549736F}.Release|Any CPU.ActiveCfg = Release|Any CPU
		{C8892549-5B6E-488C-BE39-83EF0549736F}.Release|Any CPU.Build.0 = Release|Any CPU
	EndGlobalSection
	GlobalSection(SolutionProperties) = preSolution
		HideSolutionNode = FALSE
	EndGlobalSection
	GlobalSection(ExtensibilityGlobals) = postSolution
		SolutionGuid = {8BA1CC81-1CDE-4720-8007-34A25E54426C}
	EndGlobalSection
EndGlobal
